
Microsoft Visual Studio Solution File, Format Version 12.00
# Visual Studio Version 17
VisualStudioVersion = 17.2.32630.192
MinimumVisualStudioVersion = 10.0.40219.1
Project("{FAE04EC0-301F-11D3-BF4B-00C04F79EFBC}") = "USETHISAddressBookMVC", "USETHISAddressBookMVC\USETHISAddressBookMVC.csproj", "{D93F40CB-E393-46F5-863B-ECBB3390C1B2}"
EndProject
Global
	GlobalSection(SolutionConfigurationPlatforms) = preSolution
		Debug|Any CPU = Debug|Any CPU
		Release|Any CPU = Release|Any CPU
	EndGlobalSection
	GlobalSection(ProjectConfigurationPlatforms) = postSolution
		{D93F40CB-E393-46F5-863B-ECBB3390C1B2}.Debug|Any CPU.ActiveCfg = Debug|Any CPU
		{D93F40CB-E393-46F5-863B-ECBB3390C1B2}.Debug|Any CPU.Build.0 = Debug|Any CPU
		{D93F40CB-E393-46F5-863B-ECBB3390C1B2}.Release|Any CPU.ActiveCfg = Release|Any CPU
		{D93F40CB-E393-46F5-863B-ECBB3390C1B2}.Release|Any CPU.Build.0 = Release|Any CPU
	EndGlobalSection
	GlobalSection(SolutionProperties) = preSolution
		HideSolutionNode = FALSE
	EndGlobalSection
	GlobalSection(ExtensibilityGlobals) = postSolution
		SolutionGuid = {829F6F1F-DB9A-41B1-83DB-2BE6A6CC999C}
	EndGlobalSection
EndGlobal
